// !$*UTF8*$!
{
	archiveVersion = 1;
	classes = {
	};
	objectVersion = 56;
	objects = {

/* Begin PBXBuildFile section */
		840490352C198F72009DD628 /* CustomBDUIPointDetailViewController.swift in Sources */ = {isa = PBXBuildFile; fileRef = 840490342C198F72009DD628 /* CustomBDUIPointDetailViewController.swift */; };
		843E51502C19B52300D2478C /* CustomBDUI.swift in Sources */ = {isa = PBXBuildFile; fileRef = 843E514F2C19B52300D2478C /* CustomBDUI.swift */; };
		843E51522C19B56500D2478C /* JSONParser.swift in Sources */ = {isa = PBXBuildFile; fileRef = 843E51512C19B56500D2478C /* JSONParser.swift */; };
		843E51572C19BDD000D2478C /* ServerDrivenView.swift in Sources */ = {isa = PBXBuildFile; fileRef = 843E51562C19BDD000D2478C /* ServerDrivenView.swift */; };
		843E51592C19C23500D2478C /* NodeRenderer.swift in Sources */ = {isa = PBXBuildFile; fileRef = 843E51582C19C23500D2478C /* NodeRenderer.swift */; };
		84C26B372C1631AE0091140F /* AppDelegate.swift in Sources */ = {isa = PBXBuildFile; fileRef = 84C26B362C1631AE0091140F /* AppDelegate.swift */; };
		84C26B392C1631AE0091140F /* SceneDelegate.swift in Sources */ = {isa = PBXBuildFile; fileRef = 84C26B382C1631AE0091140F /* SceneDelegate.swift */; };
		84C26B3B2C1631AE0091140F /* AvailableServicesViewController.swift in Sources */ = {isa = PBXBuildFile; fileRef = 84C26B3A2C1631AE0091140F /* AvailableServicesViewController.swift */; };
		84C26B3E2C1631AE0091140F /* Main.storyboard in Resources */ = {isa = PBXBuildFile; fileRef = 84C26B3C2C1631AE0091140F /* Main.storyboard */; };
		84C26B402C1631B50091140F /* Assets.xcassets in Resources */ = {isa = PBXBuildFile; fileRef = 84C26B3F2C1631B50091140F /* Assets.xcassets */; };
		84C26B432C1631B50091140F /* LaunchScreen.storyboard in Resources */ = {isa = PBXBuildFile; fileRef = 84C26B412C1631B50091140F /* LaunchScreen.storyboard */; };
		84C26B682C1635600091140F /* UIKit.framework in Frameworks */ = {isa = PBXBuildFile; fileRef = 84C26B672C1635600091140F /* UIKit.framework */; };
		84C26B6E2C1638BC0091140F /* IntroViewController.swift in Sources */ = {isa = PBXBuildFile; fileRef = 84C26B6D2C1638BC0091140F /* IntroViewController.swift */; };
		84C26B702C19833E0091140F /* CustomBDUIPointsViewController.swift in Sources */ = {isa = PBXBuildFile; fileRef = 84C26B6F2C19833D0091140F /* CustomBDUIPointsViewController.swift */; };
/* End PBXBuildFile section */

/* Begin PBXFileReference section */
		840490342C198F72009DD628 /* CustomBDUIPointDetailViewController.swift */ = {isa = PBXFileReference; lastKnownFileType = sourcecode.swift; path = CustomBDUIPointDetailViewController.swift; sourceTree = "<group>"; };
		843E514F2C19B52300D2478C /* CustomBDUI.swift */ = {isa = PBXFileReference; lastKnownFileType = sourcecode.swift; path = CustomBDUI.swift; sourceTree = "<group>"; };
		843E51512C19B56500D2478C /* JSONParser.swift */ = {isa = PBXFileReference; lastKnownFileType = sourcecode.swift; path = JSONParser.swift; sourceTree = "<group>"; };
		843E51532C19BB9500D2478C /* points.json */ = {isa = PBXFileReference; lastKnownFileType = text.json; path = points.json; sourceTree = "<group>"; };
		843E51562C19BDD000D2478C /* ServerDrivenView.swift */ = {isa = PBXFileReference; lastKnownFileType = sourcecode.swift; path = ServerDrivenView.swift; sourceTree = "<group>"; };
		843E51582C19C23500D2478C /* NodeRenderer.swift */ = {isa = PBXFileReference; lastKnownFileType = sourcecode.swift; path = NodeRenderer.swift; sourceTree = "<group>"; };
		84C26B332C1631AE0091140F /* CoolApp.app */ = {isa = PBXFileReference; explicitFileType = wrapper.application; includeInIndex = 0; path = CoolApp.app; sourceTree = BUILT_PRODUCTS_DIR; };
		84C26B362C1631AE0091140F /* AppDelegate.swift */ = {isa = PBXFileReference; lastKnownFileType = sourcecode.swift; path = AppDelegate.swift; sourceTree = "<group>"; };
		84C26B382C1631AE0091140F /* SceneDelegate.swift */ = {isa = PBXFileReference; lastKnownFileType = sourcecode.swift; path = SceneDelegate.swift; sourceTree = "<group>"; };
		84C26B3A2C1631AE0091140F /* AvailableServicesViewController.swift */ = {isa = PBXFileReference; lastKnownFileType = sourcecode.swift; path = AvailableServicesViewController.swift; sourceTree = "<group>"; };
		84C26B3D2C1631AE0091140F /* Base */ = {isa = PBXFileReference; lastKnownFileType = file.storyboard; name = Base; path = Base.lproj/Main.storyboard; sourceTree = "<group>"; };
		84C26B3F2C1631B50091140F /* Assets.xcassets */ = {isa = PBXFileReference; lastKnownFileType = folder.assetcatalog; path = Assets.xcassets; sourceTree = "<group>"; };
		84C26B422C1631B50091140F /* Base */ = {isa = PBXFileReference; lastKnownFileType = file.storyboard; name = Base; path = Base.lproj/LaunchScreen.storyboard; sourceTree = "<group>"; };
		84C26B442C1631B60091140F /* Info.plist */ = {isa = PBXFileReference; lastKnownFileType = text.plist.xml; path = Info.plist; sourceTree = "<group>"; };
		84C26B672C1635600091140F /* UIKit.framework */ = {isa = PBXFileReference; lastKnownFileType = wrapper.framework; name = UIKit.framework; path = System/Library/Frameworks/UIKit.framework; sourceTree = SDKROOT; };
		84C26B6D2C1638BC0091140F /* IntroViewController.swift */ = {isa = PBXFileReference; lastKnownFileType = sourcecode.swift; path = IntroViewController.swift; sourceTree = "<group>"; };
		84C26B6F2C19833D0091140F /* CustomBDUIPointsViewController.swift */ = {isa = PBXFileReference; lastKnownFileType = sourcecode.swift; path = CustomBDUIPointsViewController.swift; sourceTree = "<group>"; };
/* End PBXFileReference section */

/* Begin PBXFrameworksBuildPhase section */
		84C26B302C1631AD0091140F /* Frameworks */ = {
			isa = PBXFrameworksBuildPhase;
			buildActionMask = 2147483647;
			files = (
				84C26B682C1635600091140F /* UIKit.framework in Frameworks */,
			);
			runOnlyForDeploymentPostprocessing = 0;
		};
/* End PBXFrameworksBuildPhase section */

/* Begin PBXGroup section */
		84C26B2A2C1631AD0091140F = {
			isa = PBXGroup;
			children = (
				84C26B352C1631AE0091140F /* CoolApp */,
				84C26B342C1631AE0091140F /* Products */,
				84C26B662C1635600091140F /* Frameworks */,
			);
			sourceTree = "<group>";
		};
		84C26B342C1631AE0091140F /* Products */ = {
			isa = PBXGroup;
			children = (
				84C26B332C1631AE0091140F /* CoolApp.app */,
			);
			name = Products;
			sourceTree = "<group>";
		};
		84C26B352C1631AE0091140F /* CoolApp */ = {
			isa = PBXGroup;
			children = (
				84C26B6C2C1637C30091140F /* Networking */,
				84C26B6B2C1637B30091140F /* Models */,
				84C26B6A2C1637A90091140F /* Views */,
				84C26B692C16379A0091140F /* ViewControllers */,
				84C26B362C1631AE0091140F /* AppDelegate.swift */,
				84C26B382C1631AE0091140F /* SceneDelegate.swift */,
				84C26B3A2C1631AE0091140F /* AvailableServicesViewController.swift */,
				84C26B3C2C1631AE0091140F /* Main.storyboard */,
				84C26B3F2C1631B50091140F /* Assets.xcassets */,
				84C26B412C1631B50091140F /* LaunchScreen.storyboard */,
				84C26B442C1631B60091140F /* Info.plist */,
				843E514F2C19B52300D2478C /* CustomBDUI.swift */,
				843E51512C19B56500D2478C /* JSONParser.swift */,
				843E51532C19BB9500D2478C /* points.json */,
				843E51562C19BDD000D2478C /* ServerDrivenView.swift */,
				843E51582C19C23500D2478C /* NodeRenderer.swift */,
			);
			path = CoolApp;
			sourceTree = "<group>";
		};
		84C26B662C1635600091140F /* Frameworks */ = {
			isa = PBXGroup;
			children = (
				84C26B672C1635600091140F /* UIKit.framework */,
			);
			name = Frameworks;
			sourceTree = "<group>";
		};
		84C26B692C16379A0091140F /* ViewControllers */ = {
			isa = PBXGroup;
			children = (
				84C26B6D2C1638BC0091140F /* IntroViewController.swift */,
				84C26B6F2C19833D0091140F /* CustomBDUIPointsViewController.swift */,
				840490342C198F72009DD628 /* CustomBDUIPointDetailViewController.swift */,
			);
			path = ViewControllers;
			sourceTree = "<group>";
		};
		84C26B6A2C1637A90091140F /* Views */ = {
			isa = PBXGroup;
			children = (
			);
			path = Views;
			sourceTree = "<group>";
		};
		84C26B6B2C1637B30091140F /* Models */ = {
			isa = PBXGroup;
			children = (
			);
			path = Models;
			sourceTree = "<group>";
		};
		84C26B6C2C1637C30091140F /* Networking */ = {
			isa = PBXGroup;
			children = (
			);
			path = Networking;
			sourceTree = "<group>";
		};
/* End PBXGroup section */

/* Begin PBXNativeTarget section */
		84C26B322C1631AD0091140F /* CoolApp */ = {
			isa = PBXNativeTarget;
			buildConfigurationList = 84C26B5D2C1631B60091140F /* Build configuration list for PBXNativeTarget "CoolApp" */;
			buildPhases = (
				84C26B2F2C1631AD0091140F /* Sources */,
				84C26B302C1631AD0091140F /* Frameworks */,
				84C26B312C1631AD0091140F /* Resources */,
			);
			buildRules = (
			);
			dependencies = (
			);
			name = CoolApp;
			productName = CoolApp;
			productReference = 84C26B332C1631AE0091140F /* CoolApp.app */;
			productType = "com.apple.product-type.application";
		};
/* End PBXNativeTarget section */

/* Begin PBXProject section */
		84C26B2B2C1631AD0091140F /* Project object */ = {
			isa = PBXProject;
			attributes = {
				BuildIndependentTargetsInParallel = 1;
				LastSwiftUpdateCheck = 1420;
				LastUpgradeCheck = 1420;
				TargetAttributes = {
					84C26B322C1631AD0091140F = {
						CreatedOnToolsVersion = 14.2;
					};
				};
			};
			buildConfigurationList = 84C26B2E2C1631AD0091140F /* Build configuration list for PBXProject "CoolApp" */;
			compatibilityVersion = "Xcode 14.0";
			developmentRegion = en;
			hasScannedForEncodings = 0;
			knownRegions = (
				en,
				Base,
			);
			mainGroup = 84C26B2A2C1631AD0091140F;
			productRefGroup = 84C26B342C1631AE0091140F /* Products */;
			projectDirPath = "";
			projectRoot = "";
			targets = (
				84C26B322C1631AD0091140F /* CoolApp */,
			);
		};
/* End PBXProject section */

/* Begin PBXResourcesBuildPhase section */
		84C26B312C1631AD0091140F /* Resources */ = {
			isa = PBXResourcesBuildPhase;
			buildActionMask = 2147483647;
			files = (
				84C26B432C1631B50091140F /* LaunchScreen.storyboard in Resources */,
				84C26B402C1631B50091140F /* Assets.xcassets in Resources */,
				84C26B3E2C1631AE0091140F /* Main.storyboard in Resources */,
			);
			runOnlyForDeploymentPostprocessing = 0;
		};
/* End PBXResourcesBuildPhase section */

/* Begin PBXSourcesBuildPhase section */
		84C26B2F2C1631AD0091140F /* Sources */ = {
			isa = PBXSourcesBuildPhase;
			buildActionMask = 2147483647;
			files = (
				84C26B702C19833E0091140F /* CustomBDUIPointsViewController.swift in Sources */,
				84C26B3B2C1631AE0091140F /* AvailableServicesViewController.swift in Sources */,
				843E51522C19B56500D2478C /* JSONParser.swift in Sources */,
				84C26B372C1631AE0091140F /* AppDelegate.swift in Sources */,
				843E51592C19C23500D2478C /* NodeRenderer.swift in Sources */,
				84C26B392C1631AE0091140F /* SceneDelegate.swift in Sources */,
				84C26B6E2C1638BC0091140F /* IntroViewController.swift in Sources */,
				840490352C198F72009DD628 /* CustomBDUIPointDetailViewController.swift in Sources */,
				843E51502C19B52300D2478C /* CustomBDUI.swift in Sources */,
				843E51572C19BDD000D2478C /* ServerDrivenView.swift in Sources */,
			);
			runOnlyForDeploymentPostprocessing = 0;
		};
/* End PBXSourcesBuildPhase section */

/* Begin PBXVariantGroup section */
		84C26B3C2C1631AE0091140F /* Main.storyboard */ = {
			isa = PBXVariantGroup;
			children = (
				84C26B3D2C1631AE0091140F /* Base */,
			);
			name = Main.storyboard;
			sourceTree = "<group>";
		};
		84C26B412C1631B50091140F /* LaunchScreen.storyboard */ = {
			isa = PBXVariantGroup;
			children = (
				84C26B422C1631B50091140F /* Base */,
			);
			name = LaunchScreen.storyboard;
			sourceTree = "<group>";
		};
/* End PBXVariantGroup section */

/* Begin XCBuildConfiguration section */
		84C26B5B2C1631B60091140F /* Debug */ = {
			isa = XCBuildConfiguration;
			buildSettings = {
				ALWAYS_SEARCH_USER_PATHS = NO;
				CLANG_ANALYZER_NONNULL = YES;
				CLANG_ANALYZER_NUMBER_OBJECT_CONVERSION = YES_AGGRESSIVE;
				CLANG_CXX_LANGUAGE_STANDARD = "gnu++20";
				CLANG_ENABLE_MODULES = YES;
				CLANG_ENABLE_OBJC_ARC = YES;
				CLANG_ENABLE_OBJC_WEAK = YES;
				CLANG_WARN_BLOCK_CAPTURE_AUTORELEASING = YES;
				CLANG_WARN_BOOL_CONVERSION = YES;
				CLANG_WARN_COMMA = YES;
				CLANG_WARN_CONSTANT_CONVERSION = YES;
				CLANG_WARN_DEPRECATED_OBJC_IMPLEMENTATIONS = YES;
				CLANG_WARN_DIRECT_OBJC_ISA_USAGE = YES_ERROR;
				CLANG_WARN_DOCUMENTATION_COMMENTS = YES;
				CLANG_WARN_EMPTY_BODY = YES;
				CLANG_WARN_ENUM_CONVERSION = YES;
				CLANG_WARN_INFINITE_RECURSION = YES;
				CLANG_WARN_INT_CONVERSION = YES;
				CLANG_WARN_NON_LITERAL_NULL_CONVERSION = YES;
				CLANG_WARN_OBJC_IMPLICIT_RETAIN_SELF = YES;
				CLANG_WARN_OBJC_LITERAL_CONVERSION = YES;
				CLANG_WARN_OBJC_ROOT_CLASS = YES_ERROR;
				CLANG_WARN_QUOTED_INCLUDE_IN_FRAMEWORK_HEADER = YES;
				CLANG_WARN_RANGE_LOOP_ANALYSIS = YES;
				CLANG_WARN_STRICT_PROTOTYPES = YES;
				CLANG_WARN_SUSPICIOUS_MOVE = YES;
				CLANG_WARN_UNGUARDED_AVAILABILITY = YES_AGGRESSIVE;
				CLANG_WARN_UNREACHABLE_CODE = YES;
				CLANG_WARN__DUPLICATE_METHOD_MATCH = YES;
				COPY_PHASE_STRIP = NO;
				DEBUG_INFORMATION_FORMAT = dwarf;
				ENABLE_STRICT_OBJC_MSGSEND = YES;
				ENABLE_TESTABILITY = YES;
				GCC_C_LANGUAGE_STANDARD = gnu11;
				GCC_DYNAMIC_NO_PIC = NO;
				GCC_NO_COMMON_BLOCKS = YES;
				GCC_OPTIMIZATION_LEVEL = 0;
				GCC_PREPROCESSOR_DEFINITIONS = (
					"DEBUG=1",
					"$(inherited)",
				);
				GCC_WARN_64_TO_32_BIT_CONVERSION = YES;
				GCC_WARN_ABOUT_RETURN_TYPE = YES_ERROR;
				GCC_WARN_UNDECLARED_SELECTOR = YES;
				GCC_WARN_UNINITIALIZED_AUTOS = YES_AGGRESSIVE;
				GCC_WARN_UNUSED_FUNCTION = YES;
				GCC_WARN_UNUSED_VARIABLE = YES;
				IPHONEOS_DEPLOYMENT_TARGET = 16.2;
				MTL_ENABLE_DEBUG_INFO = INCLUDE_SOURCE;
				MTL_FAST_MATH = YES;
				ONLY_ACTIVE_ARCH = YES;
				SDKROOT = iphoneos;
				SWIFT_ACTIVE_COMPILATION_CONDITIONS = DEBUG;
				SWIFT_OPTIMIZATION_LEVEL = "-Onone";
			};
			name = Debug;
		};
		84C26B5C2C1631B60091140F /* Release */ = {
			isa = XCBuildConfiguration;
			buildSettings = {
				ALWAYS_SEARCH_USER_PATHS = NO;
				CLANG_ANALYZER_NONNULL = YES;
				CLANG_ANALYZER_NUMBER_OBJECT_CONVERSION = YES_AGGRESSIVE;
				CLANG_CXX_LANGUAGE_STANDARD = "gnu++20";
				CLANG_ENABLE_MODULES = YES;
				CLANG_ENABLE_OBJC_ARC = YES;
				CLANG_ENABLE_OBJC_WEAK = YES;
				CLANG_WARN_BLOCK_CAPTURE_AUTORELEASING = YES;
				CLANG_WARN_BOOL_CONVERSION = YES;
				CLANG_WARN_COMMA = YES;
				CLANG_WARN_CONSTANT_CONVERSION = YES;
				CLANG_WARN_DEPRECATED_OBJC_IMPLEMENTATIONS = YES;
				CLANG_WARN_DIRECT_OBJC_ISA_USAGE = YES_ERROR;
				CLANG_WARN_DOCUMENTATION_COMMENTS = YES;
				CLANG_WARN_EMPTY_BODY = YES;
				CLANG_WARN_ENUM_CONVERSION = YES;
				CLANG_WARN_INFINITE_RECURSION = YES;
				CLANG_WARN_INT_CONVERSION = YES;
				CLANG_WARN_NON_LITERAL_NULL_CONVERSION = YES;
				CLANG_WARN_OBJC_IMPLICIT_RETAIN_SELF = YES;
				CLANG_WARN_OBJC_LITERAL_CONVERSION = YES;
				CLANG_WARN_OBJC_ROOT_CLASS = YES_ERROR;
				CLANG_WARN_QUOTED_INCLUDE_IN_FRAMEWORK_HEADER = YES;
				CLANG_WARN_RANGE_LOOP_ANALYSIS = YES;
				CLANG_WARN_STRICT_PROTOTYPES = YES;
				CLANG_WARN_SUSPICIOUS_MOVE = YES;
				CLANG_WARN_UNGUARDED_AVAILABILITY = YES_AGGRESSIVE;
				CLANG_WARN_UNREACHABLE_CODE = YES;
				CLANG_WARN__DUPLICATE_METHOD_MATCH = YES;
				COPY_PHASE_STRIP = NO;
				DEBUG_INFORMATION_FORMAT = "dwarf-with-dsym";
				ENABLE_NS_ASSERTIONS = NO;
				ENABLE_STRICT_OBJC_MSGSEND = YES;
				GCC_C_LANGUAGE_STANDARD = gnu11;
				GCC_NO_COMMON_BLOCKS = YES;
				GCC_WARN_64_TO_32_BIT_CONVERSION = YES;
				GCC_WARN_ABOUT_RETURN_TYPE = YES_ERROR;
				GCC_WARN_UNDECLARED_SELECTOR = YES;
				GCC_WARN_UNINITIALIZED_AUTOS = YES_AGGRESSIVE;
				GCC_WARN_UNUSED_FUNCTION = YES;
				GCC_WARN_UNUSED_VARIABLE = YES;
				IPHONEOS_DEPLOYMENT_TARGET = 16.2;
				MTL_ENABLE_DEBUG_INFO = NO;
				MTL_FAST_MATH = YES;
				SDKROOT = iphoneos;
				SWIFT_COMPILATION_MODE = wholemodule;
				SWIFT_OPTIMIZATION_LEVEL = "-O";
				VALIDATE_PRODUCT = YES;
			};
			name = Release;
		};
		84C26B5E2C1631B60091140F /* Debug */ = {
			isa = XCBuildConfiguration;
			buildSettings = {
				ASSETCATALOG_COMPILER_APPICON_NAME = AppIcon;
				ASSETCATALOG_COMPILER_GLOBAL_ACCENT_COLOR_NAME = AccentColor;
				CODE_SIGN_STYLE = Automatic;
				CURRENT_PROJECT_VERSION = 1;
				GENERATE_INFOPLIST_FILE = YES;
				INFOPLIST_FILE = CoolApp/Info.plist;
				INFOPLIST_KEY_UIApplicationSupportsIndirectInputEvents = YES;
				INFOPLIST_KEY_UILaunchStoryboardName = LaunchScreen;
				INFOPLIST_KEY_UIMainStoryboardFile = Main;
				INFOPLIST_KEY_UISupportedInterfaceOrientations_iPad = "UIInterfaceOrientationPortrait UIInterfaceOrientationPortraitUpsideDown UIInterfaceOrientationLandscapeLeft UIInterfaceOrientationLandscapeRight";
				INFOPLIST_KEY_UISupportedInterfaceOrientations_iPhone = "UIInterfaceOrientationPortrait UIInterfaceOrientationLandscapeLeft UIInterfaceOrientationLandscapeRight";
				IPHONEOS_DEPLOYMENT_TARGET = 15.0;
				LD_RUNPATH_SEARCH_PATHS = (
					"$(inherited)",
					"@executable_path/Frameworks",
				);
				MARKETING_VERSION = 1.0;
				PRODUCT_BUNDLE_IDENTIFIER = com.tsivi.CoolApp;
				PRODUCT_NAME = "$(TARGET_NAME)";
				SWIFT_EMIT_LOC_STRINGS = YES;
				SWIFT_VERSION = 5.0;
				TARGETED_DEVICE_FAMILY = "1,2";
			};
			name = Debug;
		};
		84C26B5F2C1631B60091140F /* Release */ = {
			isa = XCBuildConfiguration;
			buildSettings = {
				ASSETCATALOG_COMPILER_APPICON_NAME = AppIcon;
				ASSETCATALOG_COMPILER_GLOBAL_ACCENT_COLOR_NAME = AccentColor;
				CODE_SIGN_STYLE = Automatic;
				CURRENT_PROJECT_VERSION = 1;
				GENERATE_INFOPLIST_FILE = YES;
				INFOPLIST_FILE = CoolApp/Info.plist;
				INFOPLIST_KEY_UIApplicationSupportsIndirectInputEvents = YES;
				INFOPLIST_KEY_UILaunchStoryboardName = LaunchScreen;
				INFOPLIST_KEY_UIMainStoryboardFile = Main;
				INFOPLIST_KEY_UISupportedInterfaceOrientations_iPad = "UIInterfaceOrientationPortrait UIInterfaceOrientationPortraitUpsideDown UIInterfaceOrientationLandscapeLeft UIInterfaceOrientationLandscapeRight";
				INFOPLIST_KEY_UISupportedInterfaceOrientations_iPhone = "UIInterfaceOrientationPortrait UIInterfaceOrientationLandscapeLeft UIInterfaceOrientationLandscapeRight";
				IPHONEOS_DEPLOYMENT_TARGET = 15.0;
				LD_RUNPATH_SEARCH_PATHS = (
					"$(inherited)",
					"@executable_path/Frameworks",
				);
				MARKETING_VERSION = 1.0;
				PRODUCT_BUNDLE_IDENTIFIER = com.tsivi.CoolApp;
				PRODUCT_NAME = "$(TARGET_NAME)";
				SWIFT_EMIT_LOC_STRINGS = YES;
				SWIFT_VERSION = 5.0;
				TARGETED_DEVICE_FAMILY = "1,2";
			};
			name = Release;
		};
/* End XCBuildConfiguration section */

/* Begin XCConfigurationList section */
		84C26B2E2C1631AD0091140F /* Build configuration list for PBXProject "CoolApp" */ = {
			isa = XCConfigurationList;
			buildConfigurations = (
				84C26B5B2C1631B60091140F /* Debug */,
				84C26B5C2C1631B60091140F /* Release */,
			);
			defaultConfigurationIsVisible = 0;
			defaultConfigurationName = Release;
		};
		84C26B5D2C1631B60091140F /* Build configuration list for PBXNativeTarget "CoolApp" */ = {
			isa = XCConfigurationList;
			buildConfigurations = (
				84C26B5E2C1631B60091140F /* Debug */,
				84C26B5F2C1631B60091140F /* Release */,
			);
			defaultConfigurationIsVisible = 0;
			defaultConfigurationName = Release;
		};
/* End XCConfigurationList section */
	};
	rootObject = 84C26B2B2C1631AD0091140F /* Project object */;
}
